<?xml version="1.0" encoding="utf-8"?>
<Project ToolsVersion="4.0" xmlns="http://schemas.microsoft.com/developer/msbuild/2003">
  <ItemGroup>
    <Filter Include="Source Files">
      <UniqueIdentifier>{4FC737F1-C7A5-4376-A066-2A32D752A2FF}</UniqueIdentifier>
      <Extensions>cpp;c;cc;cxx;def;odl;idl;hpj;bat;asm;asmx</Extensions>
    </Filter>
    <Filter Include="Header Files">
      <UniqueIdentifier>{93995380-89BD-4b04-88EB-625FBE52EBFB}</UniqueIdentifier>
      <Extensions>h;hh;hpp;hxx;hm;inl;inc;ipp;xsd</Extensions>
    </Filter>
    <Filter Include="Resource Files">
      <UniqueIdentifier>{67DA6AB6-F800-4c08-8B7A-83BB121AAD01}</UniqueIdentifier>
      <Extensions>rc;ico;cur;bmp;dlg;rc2;rct;bin;rgs;gif;jpg;jpeg;jpe;resx;tiff;tif;png;wav;mfcribbon-ms</Extensions>
    </Filter>
    <Filter Include="Header Files\Collision">
      <UniqueIdentifier>{d82b69cc-f99b-42c3-8104-5d23125c8b46}</UniqueIdentifier>
    </Filter>
    <Filter Include="Header Files\Sprites">
      <UniqueIdentifier>{394d8559-df4c-4dce-8cac-530613d70315}</UniqueIdentifier>
    </Filter>
    <Filter Include="Header Files\Utility">
      <UniqueIdentifier>{d11c3572-9c9c-4b0c-9d6f-469918ed24a0}</UniqueIdentifier>
    </Filter>
    <Filter Include="Header Files\Input">
      <UniqueIdentifier>{d68010a5-0ab7-4b89-92de-770d5fb4e22a}</UniqueIdentifier>
    </Filter>
    <Filter Include="Header Files\FSM">
      <UniqueIdentifier>{6675656a-1554-4c8a-9f96-7c6b62f7f48b}</UniqueIdentifier>
    </Filter>
    <Filter Include="Header Files\Sound">
      <UniqueIdentifier>{01d443e0-8cf3-485b-9c9b-050c4042d9e4}</UniqueIdentifier>
    </Filter>
    <Filter Include="Header Files\Game">
      <UniqueIdentifier>{242cdae3-a2a6-4557-8a63-f61b3bd4058e}</UniqueIdentifier>
    </Filter>
    <Filter Include="Header Files\Game\GameStates">
      <UniqueIdentifier>{d3307eff-3c15-4f3c-a1e3-c89b3cb94736}</UniqueIdentifier>
    </Filter>
    <Filter Include="Header Files\Game\GameObjects">
      <UniqueIdentifier>{a9c7f400-41ee-4836-8e1a-4ce915dd03b4}</UniqueIdentifier>
    </Filter>
    <Filter Include="Header Files\Entity">
      <UniqueIdentifier>{f7a75823-1720-45cc-839c-97bc90ea24f5}</UniqueIdentifier>
    </Filter>
  </ItemGroup>
  <ItemGroup>
    <ClCompile Include="Source\Collider.cpp">
      <Filter>Source Files</Filter>
    </ClCompile>
    <ClCompile Include="Source\CollisionHandler.cpp">
      <Filter>Source Files</Filter>
    </ClCompile>
    <ClCompile Include="Source\FSM.cpp">
      <Filter>Source Files</Filter>
    </ClCompile>
    <ClCompile Include="Source\InputHandler.cpp">
      <Filter>Source Files</Filter>
    </ClCompile>
    <ClCompile Include="Source\Keyboard.cpp">
      <Filter>Source Files</Filter>
    </ClCompile>
    <ClCompile Include="Source\main.cpp">
      <Filter>Source Files</Filter>
    </ClCompile>
    <ClCompile Include="Source\Mouse.cpp">
      <Filter>Source Files</Filter>
    </ClCompile>
    <ClCompile Include="Source\Sound.cpp">
      <Filter>Source Files</Filter>
    </ClCompile>
    <ClCompile Include="Source\SoundHandler.cpp">
      <Filter>Source Files</Filter>
    </ClCompile>
    <ClCompile Include="Source\Sprite.cpp">
      <Filter>Source Files</Filter>
    </ClCompile>
    <ClCompile Include="Source\SpriteHandler.cpp">
      <Filter>Source Files</Filter>
    </ClCompile>
    <ClCompile Include="Source\TEST_STATE_1.cpp">
      <Filter>Source Files</Filter>
    </ClCompile>
    <ClCompile Include="Source\Tile.cc">
      <Filter>Source Files</Filter>
    </ClCompile>
    <ClCompile Include="Source\Grid.cc">
      <Filter>Source Files</Filter>
    </ClCompile>
    <ClCompile Include="Source\Grass.cc">
      <Filter>Source Files</Filter>
    </ClCompile>
    <ClCompile Include="Source\DeltaTime.cpp">
      <Filter>Source Files</Filter>
    </ClCompile>
    <ClCompile Include="Source\Agent.cpp">
      <Filter>Source Files</Filter>
    </ClCompile>
    <ClCompile Include="Source\WanderState.cc">
      <Filter>Source Files</Filter>
    </ClCompile>
    <ClCompile Include="Source\Random.cc">
      <Filter>Source Files</Filter>
    </ClCompile>
    <ClCompile Include="Source\ScaredState.cc">
      <Filter>Source Files</Filter>
    </ClCompile>
    <ClCompile Include="Source\BreedState.cc">
      <Filter>Source Files</Filter>
    </ClCompile>
  </ItemGroup>
  <ItemGroup>
    <ClInclude Include="Include\Collider.h">
      <Filter>Header Files</Filter>
    </ClInclude>
    <ClInclude Include="Include\CollisionHandler.h">
      <Filter>Header Files</Filter>
    </ClInclude>
    <ClInclude Include="Include\Config.h">
      <Filter>Header Files</Filter>
    </ClInclude>
    <ClInclude Include="Include\Entity.h">
      <Filter>Header Files</Filter>
    </ClInclude>
    <ClInclude Include="Include\FSM.h">
      <Filter>Header Files</Filter>
    </ClInclude>
    <ClInclude Include="Include\InputHandler.h">
      <Filter>Header Files</Filter>
    </ClInclude>
    <ClInclude Include="Include\Keyboard.h">
      <Filter>Header Files</Filter>
    </ClInclude>
    <ClInclude Include="Include\Mouse.h">
      <Filter>Header Files</Filter>
    </ClInclude>
    <ClInclude Include="Include\Service.h">
      <Filter>Header Files</Filter>
    </ClInclude>
    <ClInclude Include="Include\Sound.h">
      <Filter>Header Files</Filter>
    </ClInclude>
    <ClInclude Include="Include\SoundHandler.h">
      <Filter>Header Files</Filter>
    </ClInclude>
    <ClInclude Include="Include\Sprite.h">
      <Filter>Header Files</Filter>
    </ClInclude>
    <ClInclude Include="Include\SpriteHandler.h">
      <Filter>Header Files</Filter>
    </ClInclude>
    <ClInclude Include="Include\State.h">
      <Filter>Header Files</Filter>
    </ClInclude>
    <ClInclude Include="Include\TEST_STATE_1.h">
      <Filter>Header Files</Filter>
    </ClInclude>
    <ClInclude Include="Include\Tile.h">
      <Filter>Header Files</Filter>
    </ClInclude>
    <ClInclude Include="Include\Vector.h">
      <Filter>Header Files</Filter>
    </ClInclude>
    <ClInclude Include="Include\Grid.h">
      <Filter>Header Files</Filter>
    </ClInclude>
    <ClInclude Include="Include\Grass.h">
      <Filter>Header Files</Filter>
    </ClInclude>
    <ClInclude Include="Include\DeltaTime.h">
      <Filter>Header Files</Filter>
    </ClInclude>
    <ClInclude Include="Include\Agent.h">
      <Filter>Header Files</Filter>
    </ClInclude>
    <ClInclude Include="Include\WanderState.h">
      <Filter>Header Files</Filter>
    </ClInclude>
    <ClInclude Include="Include\Timer.h">
      <Filter>Header Files</Filter>
    </ClInclude>
    <ClInclude Include="Include\Random.h">
      <Filter>Header Files</Filter>
    </ClInclude>
    <ClInclude Include="Include\ScaredState.h">
      <Filter>Header Files</Filter>
    </ClInclude>
    <ClInclude Include="Include\BreedState.h">
      <Filter>Header Files</Filter>
    </ClInclude>
  </ItemGroup>
</Project>